{
  "version": 4,
  "terraform_version": "1.5.4",
  "serial": 6,
  "lineage": "aaa22546-d7ad-795a-b24e-913b4661c45c",
  "outputs": {
    "lambda_arns": {
      "value": {
        "helloWorld": "arn:aws:lambda:us-east-1:650940819061:function:helloWorld"
      },
      "type": [
        "object",
        {
          "helloWorld": "string"
        }
      ]
    }
  },
  "resources": [
    {
      "mode": "managed",
      "type": "aws_iam_role",
      "name": "iam_for_lambda",
      "provider": "provider[\"registry.terraform.io/hashicorp/aws\"]",
      "instances": [
        {
          "schema_version": 0,
          "attributes": {
            "arn": "arn:aws:iam::650940819061:role/iam_for_lambda_Baas",
            "assume_role_policy": "{\"Statement\":[{\"Action\":\"sts:AssumeRole\",\"Effect\":\"Allow\",\"Principal\":{\"Service\":\"lambda.amazonaws.com\"},\"Sid\":\"\"}],\"Version\":\"2012-10-17\"}",
            "create_date": "2023-12-21T17:07:53Z",
            "description": "",
            "force_detach_policies": false,
            "id": "iam_for_lambda_Baas",
            "inline_policy": [],
            "managed_policy_arns": [],
            "max_session_duration": 3600,
            "name": "iam_for_lambda_Baas",
            "name_prefix": "",
            "path": "/",
            "permissions_boundary": null,
            "tags": {},
            "tags_all": {},
            "unique_id": "AROAZPDYYUZ23Y4722G3M"
          },
          "sensitive_attributes": [],
          "private": "bnVsbA=="
        }
      ]
    }
  ],
  "check_results": null
}
