{
  "version": 4,
  "terraform_version": "1.5.4",
  "serial": 1143,
  "lineage": "aaa22546-d7ad-795a-b24e-913b4661c45c",
  "outputs": {
    "gcp_uris": {
      "value": {
        "main_1024MB": "https://us-central1-testproject-uibk.cloudfunctions.net/main_1024MB",
        "main_128MB": "https://us-central1-testproject-uibk.cloudfunctions.net/main_128MB",
        "main_2048MB": "https://us-central1-testproject-uibk.cloudfunctions.net/main_2048MB",
        "main_256MB": "https://us-central1-testproject-uibk.cloudfunctions.net/main_256MB",
        "main_512MB": "https://us-central1-testproject-uibk.cloudfunctions.net/main_512MB"
      },
      "type": [
        "object",
        {
          "main_1024MB": "string",
          "main_128MB": "string",
          "main_2048MB": "string",
          "main_256MB": "string",
          "main_512MB": "string"
        }
      ]
    },
    "lambda_arns": {
      "value": {
        "main_1024MB": "arn:aws:lambda:us-east-1:650940819061:function:main_1024MB",
        "main_128MB": "arn:aws:lambda:us-east-1:650940819061:function:main_128MB",
        "main_2048MB": "arn:aws:lambda:us-east-1:650940819061:function:main_2048MB",
        "main_256MB": "arn:aws:lambda:us-east-1:650940819061:function:main_256MB",
        "main_512MB": "arn:aws:lambda:us-east-1:650940819061:function:main_512MB"
      },
      "type": [
        "object",
        {
          "main_1024MB": "string",
          "main_128MB": "string",
          "main_2048MB": "string",
          "main_256MB": "string",
          "main_512MB": "string"
        }
      ]
    }
  },
  "resources": [
    {
      "mode": "managed",
      "type": "aws_iam_role",
      "name": "iam_for_lambda",
      "provider": "provider[\"registry.terraform.io/hashicorp/aws\"]",
      "instances": [
        {
          "schema_version": 0,
          "attributes": {
            "arn": "arn:aws:iam::650940819061:role/iam_for_lambda_Baas",
            "assume_role_policy": "{\"Statement\":[{\"Action\":\"sts:AssumeRole\",\"Effect\":\"Allow\",\"Principal\":{\"Service\":\"lambda.amazonaws.com\"},\"Sid\":\"\"}],\"Version\":\"2012-10-17\"}",
            "create_date": "2024-02-09T03:56:15Z",
            "description": "",
            "force_detach_policies": false,
            "id": "iam_for_lambda_Baas",
            "inline_policy": [],
            "managed_policy_arns": [
              "arn:aws:iam::aws:policy/AmazonS3FullAccess"
            ],
            "max_session_duration": 3600,
            "name": "iam_for_lambda_Baas",
            "name_prefix": "",
            "path": "/",
            "permissions_boundary": null,
            "tags": {},
            "tags_all": {},
            "unique_id": "AROAZPDYYUZ2T6SZXUCFI"
          },
          "sensitive_attributes": [],
          "private": "bnVsbA=="
        }
      ]
    },
    {
      "mode": "managed",
      "type": "aws_lambda_function",
      "name": "no_op_function",
      "provider": "provider[\"registry.terraform.io/hashicorp/aws\"]",
      "instances": [
        {
          "schema_version": 0,
          "attributes": {
            "architectures": [
              "x86_64"
            ],
            "arn": "arn:aws:lambda:us-east-1:650940819061:function:testOps_no_op_function",
            "code_signing_config_arn": "",
            "dead_letter_config": [],
            "description": "",
            "environment": [],
            "ephemeral_storage": [
              {
                "size": 512
              }
            ],
            "file_system_config": [],
            "filename": "../Baas/templates/testOps_no_op.zip",
            "function_name": "testOps_no_op_function",
            "handler": "lambda_function.lambda_handler",
            "id": "testOps_no_op_function",
            "image_config": [],
            "image_uri": "",
            "invoke_arn": "arn:aws:apigateway:us-east-1:lambda:path/2015-03-31/functions/arn:aws:lambda:us-east-1:650940819061:function:testOps_no_op_function/invocations",
            "kms_key_arn": "",
            "last_modified": "2024-02-09T03:56:25.436+0000",
            "layers": [],
            "memory_size": 256,
            "package_type": "Zip",
            "publish": false,
            "qualified_arn": "arn:aws:lambda:us-east-1:650940819061:function:testOps_no_op_function:$LATEST",
            "reserved_concurrent_executions": -1,
            "role": "arn:aws:iam::650940819061:role/iam_for_lambda_Baas",
            "runtime": "python3.9",
            "s3_bucket": null,
            "s3_key": null,
            "s3_object_version": null,
            "signing_job_arn": "",
            "signing_profile_version_arn": "",
            "source_code_hash": "VnCaR0AyJAiuGgc695zuxBGYV3TUZsEOKwWsVHFZl2o=",
            "source_code_size": 836,
            "tags": {},
            "tags_all": {},
            "timeout": 3,
            "timeouts": null,
            "tracing_config": [
              {
                "mode": "PassThrough"
              }
            ],
            "version": "$LATEST",
            "vpc_config": []
          },
          "sensitive_attributes": [],
          "private": "eyJlMmJmYjczMC1lY2FhLTExZTYtOGY4OC0zNDM2M2JjN2M0YzAiOnsiY3JlYXRlIjo2MDAwMDAwMDAwMDB9fQ==",
          "dependencies": [
            "aws_iam_role.iam_for_lambda"
          ]
        }
      ]
    },
    {
      "mode": "managed",
      "type": "aws_lambda_function",
      "name": "test_subject",
      "provider": "provider[\"registry.terraform.io/hashicorp/aws\"]",
      "instances": [
        {
          "index_key": "main_1024MB",
          "schema_version": 0,
          "attributes": {
            "architectures": [
              "x86_64"
            ],
            "arn": "arn:aws:lambda:us-east-1:650940819061:function:main_1024MB",
            "code_signing_config_arn": "",
            "dead_letter_config": [],
            "description": "",
            "environment": [],
            "ephemeral_storage": [
              {
                "size": 512
              }
            ],
            "file_system_config": [],
            "filename": null,
            "function_name": "main_1024MB",
            "handler": "org.example.AWSRequestHandler",
            "id": "main_1024MB",
            "image_config": [],
            "image_uri": "",
            "invoke_arn": "arn:aws:apigateway:us-east-1:lambda:path/2015-03-31/functions/arn:aws:lambda:us-east-1:650940819061:function:main_1024MB/invocations",
            "kms_key_arn": "",
            "last_modified": "2024-02-29T14:01:42.000+0000",
            "layers": [],
            "memory_size": 1024,
            "package_type": "Zip",
            "publish": false,
            "qualified_arn": "arn:aws:lambda:us-east-1:650940819061:function:main_1024MB:$LATEST",
            "reserved_concurrent_executions": -1,
            "role": "arn:aws:iam::650940819061:role/iam_for_lambda_Baas",
            "runtime": "java11",
            "s3_bucket": "baas-jfops-bucket",
            "s3_key": "eldgos-1.0-SNAPSHOT.jar",
            "s3_object_version": null,
            "signing_job_arn": "",
            "signing_profile_version_arn": "",
            "source_code_hash": "CyWl4582bK1Bb9ptpqB1fr6q4YlHKAe7CdLHUdBY6Cg=",
            "source_code_size": 26954071,
            "tags": {},
            "tags_all": {},
            "timeout": 520,
            "timeouts": null,
            "tracing_config": [
              {
                "mode": "PassThrough"
              }
            ],
            "version": "$LATEST",
            "vpc_config": []
          },
          "sensitive_attributes": [],
          "private": "eyJlMmJmYjczMC1lY2FhLTExZTYtOGY4OC0zNDM2M2JjN2M0YzAiOnsiY3JlYXRlIjo2MDAwMDAwMDAwMDB9fQ==",
          "dependencies": [
            "aws_iam_role.iam_for_lambda",
            "aws_s3_bucket.testops_src_bucket",
            "aws_s3_object.object"
          ]
        },
        {
          "index_key": "main_128MB",
          "schema_version": 0,
          "attributes": {
            "architectures": [
              "x86_64"
            ],
            "arn": "arn:aws:lambda:us-east-1:650940819061:function:main_128MB",
            "code_signing_config_arn": "",
            "dead_letter_config": [],
            "description": "",
            "environment": [],
            "ephemeral_storage": [
              {
                "size": 512
              }
            ],
            "file_system_config": [],
            "filename": null,
            "function_name": "main_128MB",
            "handler": "org.example.AWSRequestHandler",
            "id": "main_128MB",
            "image_config": [],
            "image_uri": "",
            "invoke_arn": "arn:aws:apigateway:us-east-1:lambda:path/2015-03-31/functions/arn:aws:lambda:us-east-1:650940819061:function:main_128MB/invocations",
            "kms_key_arn": "",
            "last_modified": "2024-02-29T14:01:42.000+0000",
            "layers": [],
            "memory_size": 128,
            "package_type": "Zip",
            "publish": false,
            "qualified_arn": "arn:aws:lambda:us-east-1:650940819061:function:main_128MB:$LATEST",
            "reserved_concurrent_executions": -1,
            "role": "arn:aws:iam::650940819061:role/iam_for_lambda_Baas",
            "runtime": "java11",
            "s3_bucket": "baas-jfops-bucket",
            "s3_key": "eldgos-1.0-SNAPSHOT.jar",
            "s3_object_version": null,
            "signing_job_arn": "",
            "signing_profile_version_arn": "",
            "source_code_hash": "CyWl4582bK1Bb9ptpqB1fr6q4YlHKAe7CdLHUdBY6Cg=",
            "source_code_size": 26954071,
            "tags": {},
            "tags_all": {},
            "timeout": 520,
            "timeouts": null,
            "tracing_config": [
              {
                "mode": "PassThrough"
              }
            ],
            "version": "$LATEST",
            "vpc_config": []
          },
          "sensitive_attributes": [],
          "private": "eyJlMmJmYjczMC1lY2FhLTExZTYtOGY4OC0zNDM2M2JjN2M0YzAiOnsiY3JlYXRlIjo2MDAwMDAwMDAwMDB9fQ==",
          "dependencies": [
            "aws_iam_role.iam_for_lambda",
            "aws_s3_bucket.testops_src_bucket",
            "aws_s3_object.object"
          ]
        },
        {
          "index_key": "main_2048MB",
          "schema_version": 0,
          "attributes": {
            "architectures": [
              "x86_64"
            ],
            "arn": "arn:aws:lambda:us-east-1:650940819061:function:main_2048MB",
            "code_signing_config_arn": "",
            "dead_letter_config": [],
            "description": "",
            "environment": [],
            "ephemeral_storage": [
              {
                "size": 512
              }
            ],
            "file_system_config": [],
            "filename": null,
            "function_name": "main_2048MB",
            "handler": "org.example.AWSRequestHandler",
            "id": "main_2048MB",
            "image_config": [],
            "image_uri": "",
            "invoke_arn": "arn:aws:apigateway:us-east-1:lambda:path/2015-03-31/functions/arn:aws:lambda:us-east-1:650940819061:function:main_2048MB/invocations",
            "kms_key_arn": "",
            "last_modified": "2024-02-29T14:01:42.000+0000",
            "layers": [],
            "memory_size": 2048,
            "package_type": "Zip",
            "publish": false,
            "qualified_arn": "arn:aws:lambda:us-east-1:650940819061:function:main_2048MB:$LATEST",
            "reserved_concurrent_executions": -1,
            "role": "arn:aws:iam::650940819061:role/iam_for_lambda_Baas",
            "runtime": "java11",
            "s3_bucket": "baas-jfops-bucket",
            "s3_key": "eldgos-1.0-SNAPSHOT.jar",
            "s3_object_version": null,
            "signing_job_arn": "",
            "signing_profile_version_arn": "",
            "source_code_hash": "CyWl4582bK1Bb9ptpqB1fr6q4YlHKAe7CdLHUdBY6Cg=",
            "source_code_size": 26954071,
            "tags": {},
            "tags_all": {},
            "timeout": 520,
            "timeouts": null,
            "tracing_config": [
              {
                "mode": "PassThrough"
              }
            ],
            "version": "$LATEST",
            "vpc_config": []
          },
          "sensitive_attributes": [],
          "private": "eyJlMmJmYjczMC1lY2FhLTExZTYtOGY4OC0zNDM2M2JjN2M0YzAiOnsiY3JlYXRlIjo2MDAwMDAwMDAwMDB9fQ==",
          "dependencies": [
            "aws_iam_role.iam_for_lambda",
            "aws_s3_bucket.testops_src_bucket",
            "aws_s3_object.object"
          ]
        },
        {
          "index_key": "main_256MB",
          "schema_version": 0,
          "attributes": {
            "architectures": [
              "x86_64"
            ],
            "arn": "arn:aws:lambda:us-east-1:650940819061:function:main_256MB",
            "code_signing_config_arn": "",
            "dead_letter_config": [],
            "description": "",
            "environment": [],
            "ephemeral_storage": [
              {
                "size": 512
              }
            ],
            "file_system_config": [],
            "filename": null,
            "function_name": "main_256MB",
            "handler": "org.example.AWSRequestHandler",
            "id": "main_256MB",
            "image_config": [],
            "image_uri": "",
            "invoke_arn": "arn:aws:apigateway:us-east-1:lambda:path/2015-03-31/functions/arn:aws:lambda:us-east-1:650940819061:function:main_256MB/invocations",
            "kms_key_arn": "",
            "last_modified": "2024-02-29T14:01:42.000+0000",
            "layers": [],
            "memory_size": 256,
            "package_type": "Zip",
            "publish": false,
            "qualified_arn": "arn:aws:lambda:us-east-1:650940819061:function:main_256MB:$LATEST",
            "reserved_concurrent_executions": -1,
            "role": "arn:aws:iam::650940819061:role/iam_for_lambda_Baas",
            "runtime": "java11",
            "s3_bucket": "baas-jfops-bucket",
            "s3_key": "eldgos-1.0-SNAPSHOT.jar",
            "s3_object_version": null,
            "signing_job_arn": "",
            "signing_profile_version_arn": "",
            "source_code_hash": "CyWl4582bK1Bb9ptpqB1fr6q4YlHKAe7CdLHUdBY6Cg=",
            "source_code_size": 26954071,
            "tags": {},
            "tags_all": {},
            "timeout": 520,
            "timeouts": null,
            "tracing_config": [
              {
                "mode": "PassThrough"
              }
            ],
            "version": "$LATEST",
            "vpc_config": []
          },
          "sensitive_attributes": [],
          "private": "eyJlMmJmYjczMC1lY2FhLTExZTYtOGY4OC0zNDM2M2JjN2M0YzAiOnsiY3JlYXRlIjo2MDAwMDAwMDAwMDB9fQ==",
          "dependencies": [
            "aws_iam_role.iam_for_lambda",
            "aws_s3_bucket.testops_src_bucket",
            "aws_s3_object.object"
          ]
        },
        {
          "index_key": "main_512MB",
          "schema_version": 0,
          "attributes": {
            "architectures": [
              "x86_64"
            ],
            "arn": "arn:aws:lambda:us-east-1:650940819061:function:main_512MB",
            "code_signing_config_arn": "",
            "dead_letter_config": [],
            "description": "",
            "environment": [],
            "ephemeral_storage": [
              {
                "size": 512
              }
            ],
            "file_system_config": [],
            "filename": null,
            "function_name": "main_512MB",
            "handler": "org.example.AWSRequestHandler",
            "id": "main_512MB",
            "image_config": [],
            "image_uri": "",
            "invoke_arn": "arn:aws:apigateway:us-east-1:lambda:path/2015-03-31/functions/arn:aws:lambda:us-east-1:650940819061:function:main_512MB/invocations",
            "kms_key_arn": "",
            "last_modified": "2024-02-29T14:01:42.000+0000",
            "layers": [],
            "memory_size": 512,
            "package_type": "Zip",
            "publish": false,
            "qualified_arn": "arn:aws:lambda:us-east-1:650940819061:function:main_512MB:$LATEST",
            "reserved_concurrent_executions": -1,
            "role": "arn:aws:iam::650940819061:role/iam_for_lambda_Baas",
            "runtime": "java11",
            "s3_bucket": "baas-jfops-bucket",
            "s3_key": "eldgos-1.0-SNAPSHOT.jar",
            "s3_object_version": null,
            "signing_job_arn": "",
            "signing_profile_version_arn": "",
            "source_code_hash": "CyWl4582bK1Bb9ptpqB1fr6q4YlHKAe7CdLHUdBY6Cg=",
            "source_code_size": 26954071,
            "tags": {},
            "tags_all": {},
            "timeout": 520,
            "timeouts": null,
            "tracing_config": [
              {
                "mode": "PassThrough"
              }
            ],
            "version": "$LATEST",
            "vpc_config": []
          },
          "sensitive_attributes": [],
          "private": "eyJlMmJmYjczMC1lY2FhLTExZTYtOGY4OC0zNDM2M2JjN2M0YzAiOnsiY3JlYXRlIjo2MDAwMDAwMDAwMDB9fQ==",
          "dependencies": [
            "aws_iam_role.iam_for_lambda",
            "aws_s3_bucket.testops_src_bucket",
            "aws_s3_object.object"
          ]
        }
      ]
    },
    {
      "mode": "managed",
      "type": "aws_s3_bucket",
      "name": "testops_src_bucket",
      "provider": "provider[\"registry.terraform.io/hashicorp/aws\"]",
      "instances": [
        {
          "schema_version": 0,
          "attributes": {
            "acceleration_status": "",
            "acl": null,
            "arn": "arn:aws:s3:::baas-jfops-bucket",
            "bucket": "baas-jfops-bucket",
            "bucket_domain_name": "baas-jfops-bucket.s3.amazonaws.com",
            "bucket_prefix": null,
            "bucket_regional_domain_name": "baas-jfops-bucket.s3.amazonaws.com",
            "cors_rule": [],
            "force_destroy": false,
            "grant": [
              {
                "id": "5d55807bb51112a648c74000157583d86149e624a14382239df3776439c15186",
                "permissions": [
                  "FULL_CONTROL"
                ],
                "type": "CanonicalUser",
                "uri": ""
              }
            ],
            "hosted_zone_id": "Z3AQBSTGFYJSTF",
            "id": "baas-jfops-bucket",
            "lifecycle_rule": [],
            "logging": [],
            "object_lock_configuration": [],
            "object_lock_enabled": false,
            "policy": "",
            "region": "us-east-1",
            "replication_configuration": [],
            "request_payer": "BucketOwner",
            "server_side_encryption_configuration": [
              {
                "rule": [
                  {
                    "apply_server_side_encryption_by_default": [
                      {
                        "kms_master_key_id": "",
                        "sse_algorithm": "AES256"
                      }
                    ],
                    "bucket_key_enabled": false
                  }
                ]
              }
            ],
            "tags": {},
            "tags_all": {},
            "versioning": [
              {
                "enabled": false,
                "mfa_delete": false
              }
            ],
            "website": [],
            "website_domain": null,
            "website_endpoint": null
          },
          "sensitive_attributes": [],
          "private": "bnVsbA=="
        }
      ]
    },
    {
      "mode": "managed",
      "type": "aws_s3_object",
      "name": "object",
      "provider": "provider[\"registry.terraform.io/hashicorp/aws\"]",
      "instances": [
        {
          "schema_version": 0,
          "attributes": {
            "acl": "private",
            "bucket": "baas-jfops-bucket",
            "bucket_key_enabled": false,
            "cache_control": "",
            "content": null,
            "content_base64": null,
            "content_disposition": "",
            "content_encoding": "",
            "content_language": "",
            "content_type": "binary/octet-stream",
            "etag": "15690ea58b5b6c7cd5a0d0a0e5126d2d-6",
            "force_destroy": false,
            "id": "eldgos-1.0-SNAPSHOT.jar",
            "key": "eldgos-1.0-SNAPSHOT.jar",
            "kms_key_id": null,
            "metadata": {},
            "object_lock_legal_hold_status": "",
            "object_lock_mode": "",
            "object_lock_retain_until_date": "",
            "server_side_encryption": "AES256",
            "source": "C:/Users/Johann/Documents/uibk/BachelorArbeit/eldgos/build/libs/eldgos-1.0-SNAPSHOT.jar",
            "source_hash": "cf40d76c1955f91eb9af1e22139341e2",
            "storage_class": "STANDARD",
            "tags": {},
            "tags_all": {},
            "version_id": "",
            "website_redirect": ""
          },
          "sensitive_attributes": [],
          "private": "bnVsbA==",
          "dependencies": [
            "aws_s3_bucket.testops_src_bucket"
          ]
        }
      ]
    },
    {
      "mode": "managed",
      "type": "google_cloudfunctions_function",
      "name": "no_op_function",
      "provider": "provider[\"registry.terraform.io/hashicorp/google\"]",
      "instances": [
        {
          "schema_version": 0,
          "attributes": {
            "available_memory_mb": 256,
            "build_environment_variables": null,
            "description": "",
            "docker_registry": "CONTAINER_REGISTRY",
            "docker_repository": "",
            "entry_point": "entry_handler",
            "environment_variables": {},
            "event_trigger": [],
            "https_trigger_security_level": "SECURE_OPTIONAL",
            "https_trigger_url": "https://us-central1-testproject-uibk.cloudfunctions.net/testOps_no_op_function",
            "id": "projects/testproject-uibk/locations/us-central1/functions/testOps_no_op_function",
            "ingress_settings": "ALLOW_ALL",
            "kms_key_name": "",
            "labels": {},
            "max_instances": 1,
            "min_instances": 0,
            "name": "testOps_no_op_function",
            "project": "testproject-uibk",
            "region": "us-central1",
            "runtime": "python39",
            "secret_environment_variables": [],
            "secret_volumes": [],
            "service_account_email": "testproject-uibk@appspot.gserviceaccount.com",
            "source_archive_bucket": "baas-jfops-bucket",
            "source_archive_object": "testOps_no_op.zip ",
            "source_repository": [],
            "timeout": 3,
            "timeouts": null,
            "trigger_http": true,
            "vpc_connector": "",
            "vpc_connector_egress_settings": ""
          },
          "sensitive_attributes": [],
          "private": "eyJlMmJmYjczMC1lY2FhLTExZTYtOGY4OC0zNDM2M2JjN2M0YzAiOnsiY3JlYXRlIjozMDAwMDAwMDAwMDAsImRlbGV0ZSI6MzAwMDAwMDAwMDAwLCJyZWFkIjozMDAwMDAwMDAwMDAsInVwZGF0ZSI6MzAwMDAwMDAwMDAwfX0=",
          "dependencies": [
            "google_storage_bucket.gcp_bucket",
            "google_storage_bucket_object.no_op"
          ]
        }
      ]
    },
    {
      "mode": "managed",
      "type": "google_cloudfunctions_function",
      "name": "test_subject",
      "provider": "provider[\"registry.terraform.io/hashicorp/google\"]",
      "instances": [
        {
          "index_key": "main_1024MB",
          "schema_version": 0,
          "attributes": {
            "available_memory_mb": 1024,
            "build_environment_variables": null,
            "description": "jfOps Function",
            "docker_registry": "ARTIFACT_REGISTRY",
            "docker_repository": "",
            "entry_point": "org.example.AWSRequestHandler",
            "environment_variables": {},
            "event_trigger": [],
            "https_trigger_security_level": "SECURE_OPTIONAL",
            "https_trigger_url": "https://us-central1-testproject-uibk.cloudfunctions.net/main_1024MB",
            "id": "projects/testproject-uibk/locations/us-central1/functions/main_1024MB",
            "ingress_settings": "ALLOW_ALL",
            "kms_key_name": "",
            "labels": {},
            "max_instances": 1,
            "min_instances": 0,
            "name": "main_1024MB",
            "project": "testproject-uibk",
            "region": "us-central1",
            "runtime": "java11",
            "secret_environment_variables": [],
            "secret_volumes": [],
            "service_account_email": "testproject-uibk@appspot.gserviceaccount.com",
            "source_archive_bucket": "baas-jfops-bucket",
            "source_archive_object": "output2024-02-29_14-56-14.zip",
            "source_repository": [],
            "timeout": 520,
            "timeouts": null,
            "trigger_http": true,
            "vpc_connector": "",
            "vpc_connector_egress_settings": ""
          },
          "sensitive_attributes": [],
          "private": "eyJlMmJmYjczMC1lY2FhLTExZTYtOGY4OC0zNDM2M2JjN2M0YzAiOnsiY3JlYXRlIjozMDAwMDAwMDAwMDAsImRlbGV0ZSI6MzAwMDAwMDAwMDAwLCJyZWFkIjozMDAwMDAwMDAwMDAsInVwZGF0ZSI6MzAwMDAwMDAwMDAwfX0=",
          "dependencies": [
            "google_storage_bucket.gcp_bucket",
            "google_storage_bucket_object.jar"
          ]
        },
        {
          "index_key": "main_128MB",
          "schema_version": 0,
          "attributes": {
            "available_memory_mb": 128,
            "build_environment_variables": null,
            "description": "jfOps Function",
            "docker_registry": "ARTIFACT_REGISTRY",
            "docker_repository": "",
            "entry_point": "org.example.AWSRequestHandler",
            "environment_variables": {},
            "event_trigger": [],
            "https_trigger_security_level": "SECURE_OPTIONAL",
            "https_trigger_url": "https://us-central1-testproject-uibk.cloudfunctions.net/main_128MB",
            "id": "projects/testproject-uibk/locations/us-central1/functions/main_128MB",
            "ingress_settings": "ALLOW_ALL",
            "kms_key_name": "",
            "labels": {},
            "max_instances": 1,
            "min_instances": 0,
            "name": "main_128MB",
            "project": "testproject-uibk",
            "region": "us-central1",
            "runtime": "java11",
            "secret_environment_variables": [],
            "secret_volumes": [],
            "service_account_email": "testproject-uibk@appspot.gserviceaccount.com",
            "source_archive_bucket": "baas-jfops-bucket",
            "source_archive_object": "output2024-02-29_14-56-14.zip",
            "source_repository": [],
            "timeout": 520,
            "timeouts": null,
            "trigger_http": true,
            "vpc_connector": "",
            "vpc_connector_egress_settings": ""
          },
          "sensitive_attributes": [],
          "private": "eyJlMmJmYjczMC1lY2FhLTExZTYtOGY4OC0zNDM2M2JjN2M0YzAiOnsiY3JlYXRlIjozMDAwMDAwMDAwMDAsImRlbGV0ZSI6MzAwMDAwMDAwMDAwLCJyZWFkIjozMDAwMDAwMDAwMDAsInVwZGF0ZSI6MzAwMDAwMDAwMDAwfX0=",
          "dependencies": [
            "google_storage_bucket.gcp_bucket",
            "google_storage_bucket_object.jar"
          ]
        },
        {
          "index_key": "main_2048MB",
          "schema_version": 0,
          "attributes": {
            "available_memory_mb": 2048,
            "build_environment_variables": null,
            "description": "jfOps Function",
            "docker_registry": "ARTIFACT_REGISTRY",
            "docker_repository": "",
            "entry_point": "org.example.AWSRequestHandler",
            "environment_variables": {},
            "event_trigger": [],
            "https_trigger_security_level": "SECURE_OPTIONAL",
            "https_trigger_url": "https://us-central1-testproject-uibk.cloudfunctions.net/main_2048MB",
            "id": "projects/testproject-uibk/locations/us-central1/functions/main_2048MB",
            "ingress_settings": "ALLOW_ALL",
            "kms_key_name": "",
            "labels": {},
            "max_instances": 1,
            "min_instances": 0,
            "name": "main_2048MB",
            "project": "testproject-uibk",
            "region": "us-central1",
            "runtime": "java11",
            "secret_environment_variables": [],
            "secret_volumes": [],
            "service_account_email": "testproject-uibk@appspot.gserviceaccount.com",
            "source_archive_bucket": "baas-jfops-bucket",
            "source_archive_object": "output2024-02-29_14-56-14.zip",
            "source_repository": [],
            "timeout": 520,
            "timeouts": null,
            "trigger_http": true,
            "vpc_connector": "",
            "vpc_connector_egress_settings": ""
          },
          "sensitive_attributes": [],
          "private": "eyJlMmJmYjczMC1lY2FhLTExZTYtOGY4OC0zNDM2M2JjN2M0YzAiOnsiY3JlYXRlIjozMDAwMDAwMDAwMDAsImRlbGV0ZSI6MzAwMDAwMDAwMDAwLCJyZWFkIjozMDAwMDAwMDAwMDAsInVwZGF0ZSI6MzAwMDAwMDAwMDAwfX0=",
          "dependencies": [
            "google_storage_bucket.gcp_bucket",
            "google_storage_bucket_object.jar"
          ]
        },
        {
          "index_key": "main_256MB",
          "schema_version": 0,
          "attributes": {
            "available_memory_mb": 256,
            "build_environment_variables": null,
            "description": "jfOps Function",
            "docker_registry": "ARTIFACT_REGISTRY",
            "docker_repository": "",
            "entry_point": "org.example.AWSRequestHandler",
            "environment_variables": {},
            "event_trigger": [],
            "https_trigger_security_level": "SECURE_OPTIONAL",
            "https_trigger_url": "https://us-central1-testproject-uibk.cloudfunctions.net/main_256MB",
            "id": "projects/testproject-uibk/locations/us-central1/functions/main_256MB",
            "ingress_settings": "ALLOW_ALL",
            "kms_key_name": "",
            "labels": {},
            "max_instances": 1,
            "min_instances": 0,
            "name": "main_256MB",
            "project": "testproject-uibk",
            "region": "us-central1",
            "runtime": "java11",
            "secret_environment_variables": [],
            "secret_volumes": [],
            "service_account_email": "testproject-uibk@appspot.gserviceaccount.com",
            "source_archive_bucket": "baas-jfops-bucket",
            "source_archive_object": "output2024-02-29_14-56-14.zip",
            "source_repository": [],
            "timeout": 520,
            "timeouts": null,
            "trigger_http": true,
            "vpc_connector": "",
            "vpc_connector_egress_settings": ""
          },
          "sensitive_attributes": [],
          "private": "eyJlMmJmYjczMC1lY2FhLTExZTYtOGY4OC0zNDM2M2JjN2M0YzAiOnsiY3JlYXRlIjozMDAwMDAwMDAwMDAsImRlbGV0ZSI6MzAwMDAwMDAwMDAwLCJyZWFkIjozMDAwMDAwMDAwMDAsInVwZGF0ZSI6MzAwMDAwMDAwMDAwfX0=",
          "dependencies": [
            "google_storage_bucket.gcp_bucket",
            "google_storage_bucket_object.jar"
          ]
        },
        {
          "index_key": "main_512MB",
          "schema_version": 0,
          "attributes": {
            "available_memory_mb": 512,
            "build_environment_variables": null,
            "description": "jfOps Function",
            "docker_registry": "CONTAINER_REGISTRY",
            "docker_repository": "",
            "entry_point": "org.example.AWSRequestHandler",
            "environment_variables": {},
            "event_trigger": [],
            "https_trigger_security_level": "SECURE_OPTIONAL",
            "https_trigger_url": "https://us-central1-testproject-uibk.cloudfunctions.net/main_512MB",
            "id": "projects/testproject-uibk/locations/us-central1/functions/main_512MB",
            "ingress_settings": "ALLOW_ALL",
            "kms_key_name": "",
            "labels": {},
            "max_instances": 1,
            "min_instances": 0,
            "name": "main_512MB",
            "project": "testproject-uibk",
            "region": "us-central1",
            "runtime": "java11",
            "secret_environment_variables": [],
            "secret_volumes": [],
            "service_account_email": "testproject-uibk@appspot.gserviceaccount.com",
            "source_archive_bucket": "baas-jfops-bucket",
            "source_archive_object": "output2024-02-29_14-56-14.zip",
            "source_repository": [],
            "timeout": 520,
            "timeouts": null,
            "trigger_http": true,
            "vpc_connector": "",
            "vpc_connector_egress_settings": ""
          },
          "sensitive_attributes": [],
          "private": "eyJlMmJmYjczMC1lY2FhLTExZTYtOGY4OC0zNDM2M2JjN2M0YzAiOnsiY3JlYXRlIjozMDAwMDAwMDAwMDAsImRlbGV0ZSI6MzAwMDAwMDAwMDAwLCJyZWFkIjozMDAwMDAwMDAwMDAsInVwZGF0ZSI6MzAwMDAwMDAwMDAwfX0=",
          "dependencies": [
            "google_storage_bucket.gcp_bucket",
            "google_storage_bucket_object.jar"
          ]
        }
      ]
    },
    {
      "mode": "managed",
      "type": "google_cloudfunctions_function_iam_member",
      "name": "invoker",
      "provider": "provider[\"registry.terraform.io/hashicorp/google\"]",
      "instances": [
        {
          "index_key": "main_1024MB",
          "schema_version": 0,
          "attributes": {
            "cloud_function": "projects/testproject-uibk/locations/us-central1/functions/main_1024MB",
            "condition": [],
            "etag": "BwYScy8Yqz4=",
            "id": "projects/testproject-uibk/locations/us-central1/functions/main_1024MB/roles/cloudfunctions.invoker/allUsers",
            "member": "allUsers",
            "project": "testproject-uibk",
            "region": "us-central1",
            "role": "roles/cloudfunctions.invoker"
          },
          "sensitive_attributes": [],
          "private": "bnVsbA==",
          "dependencies": [
            "google_cloudfunctions_function.test_subject",
            "google_storage_bucket.gcp_bucket",
            "google_storage_bucket_object.jar"
          ]
        },
        {
          "index_key": "main_128MB",
          "schema_version": 0,
          "attributes": {
            "cloud_function": "projects/testproject-uibk/locations/us-central1/functions/main_128MB",
            "condition": [],
            "etag": "BwYScy8W9zI=",
            "id": "projects/testproject-uibk/locations/us-central1/functions/main_128MB/roles/cloudfunctions.invoker/allUsers",
            "member": "allUsers",
            "project": "testproject-uibk",
            "region": "us-central1",
            "role": "roles/cloudfunctions.invoker"
          },
          "sensitive_attributes": [],
          "private": "bnVsbA==",
          "dependencies": [
            "google_cloudfunctions_function.test_subject",
            "google_storage_bucket.gcp_bucket",
            "google_storage_bucket_object.jar"
          ]
        },
        {
          "index_key": "main_2048MB",
          "schema_version": 0,
          "attributes": {
            "cloud_function": "projects/testproject-uibk/locations/us-central1/functions/main_2048MB",
            "condition": [],
            "etag": "BwYScy8W+qU=",
            "id": "projects/testproject-uibk/locations/us-central1/functions/main_2048MB/roles/cloudfunctions.invoker/allUsers",
            "member": "allUsers",
            "project": "testproject-uibk",
            "region": "us-central1",
            "role": "roles/cloudfunctions.invoker"
          },
          "sensitive_attributes": [],
          "private": "bnVsbA==",
          "dependencies": [
            "google_cloudfunctions_function.test_subject",
            "google_storage_bucket.gcp_bucket",
            "google_storage_bucket_object.jar"
          ]
        },
        {
          "index_key": "main_256MB",
          "schema_version": 0,
          "attributes": {
            "cloud_function": "projects/testproject-uibk/locations/us-central1/functions/main_256MB",
            "condition": [],
            "etag": "BwYScy8XGGc=",
            "id": "projects/testproject-uibk/locations/us-central1/functions/main_256MB/roles/cloudfunctions.invoker/allUsers",
            "member": "allUsers",
            "project": "testproject-uibk",
            "region": "us-central1",
            "role": "roles/cloudfunctions.invoker"
          },
          "sensitive_attributes": [],
          "private": "bnVsbA==",
          "dependencies": [
            "google_cloudfunctions_function.test_subject",
            "google_storage_bucket.gcp_bucket",
            "google_storage_bucket_object.jar"
          ]
        },
        {
          "index_key": "main_512MB",
          "schema_version": 0,
          "attributes": {
            "cloud_function": "projects/testproject-uibk/locations/us-central1/functions/main_512MB",
            "condition": [],
            "etag": "BwYRJGZY0JQ=",
            "id": "projects/testproject-uibk/locations/us-central1/functions/main_512MB/roles/cloudfunctions.invoker/allUsers",
            "member": "allUsers",
            "project": "testproject-uibk",
            "region": "us-central1",
            "role": "roles/cloudfunctions.invoker"
          },
          "sensitive_attributes": [],
          "private": "bnVsbA==",
          "dependencies": [
            "google_cloudfunctions_function.test_subject",
            "google_storage_bucket.gcp_bucket",
            "google_storage_bucket_object.jar"
          ]
        }
      ]
    },
    {
      "mode": "managed",
      "type": "google_storage_bucket",
      "name": "gcp_bucket",
      "provider": "provider[\"registry.terraform.io/hashicorp/google\"]",
      "instances": [
        {
          "schema_version": 0,
          "attributes": {
            "cors": [],
            "default_event_based_hold": false,
            "encryption": [],
            "force_destroy": false,
            "id": "baas-jfops-bucket",
            "labels": {},
            "lifecycle_rule": [],
            "location": "US-CENTRAL1",
            "logging": [],
            "name": "baas-jfops-bucket",
            "project": "testproject-uibk",
            "requester_pays": false,
            "retention_policy": [],
            "self_link": "https://www.googleapis.com/storage/v1/b/baas-jfops-bucket",
            "storage_class": "STANDARD",
            "timeouts": null,
            "uniform_bucket_level_access": false,
            "url": "gs://baas-jfops-bucket",
            "versioning": [],
            "website": []
          },
          "sensitive_attributes": [],
          "private": "eyJlMmJmYjczMC1lY2FhLTExZTYtOGY4OC0zNDM2M2JjN2M0YzAiOnsiY3JlYXRlIjoyNDAwMDAwMDAwMDAsInJlYWQiOjI0MDAwMDAwMDAwMCwidXBkYXRlIjoyNDAwMDAwMDAwMDB9fQ=="
        }
      ]
    },
    {
      "mode": "managed",
      "type": "google_storage_bucket_object",
      "name": "jar",
      "provider": "provider[\"registry.terraform.io/hashicorp/google\"]",
      "instances": [
        {
          "schema_version": 0,
          "attributes": {
            "bucket": "baas-jfops-bucket",
            "cache_control": "",
            "content": null,
            "content_disposition": "",
            "content_encoding": "",
            "content_language": "",
            "content_type": "application/zip",
            "crc32c": "VHVloA==",
            "customer_encryption": [],
            "detect_md5hash": "ISe/Bco8l291AZFarHA3bg==",
            "event_based_hold": false,
            "id": "baas-jfops-bucket-output2024-02-29_14-56-14.zip",
            "kms_key_name": "",
            "md5hash": "ISe/Bco8l291AZFarHA3bg==",
            "media_link": "https://storage.googleapis.com/download/storage/v1/b/baas-jfops-bucket/o/output2024-02-29_14-56-14.zip?generation=1709215707940908\u0026alt=media",
            "metadata": null,
            "name": "output2024-02-29_14-56-14.zip",
            "output_name": "output2024-02-29_14-56-14.zip",
            "self_link": "https://www.googleapis.com/storage/v1/b/baas-jfops-bucket/o/output2024-02-29_14-56-14.zip",
            "source": "C:/Users/Johann/Documents/uibk/BachelorArbeit/eldgos/build/libs/output2024-02-29_14-56-14.zip",
            "storage_class": "STANDARD",
            "temporary_hold": false,
            "timeouts": null
          },
          "sensitive_attributes": [],
          "private": "eyJlMmJmYjczMC1lY2FhLTExZTYtOGY4OC0zNDM2M2JjN2M0YzAiOnsiY3JlYXRlIjoyNDAwMDAwMDAwMDAsImRlbGV0ZSI6MjQwMDAwMDAwMDAwLCJ1cGRhdGUiOjI0MDAwMDAwMDAwMH19",
          "dependencies": [
            "google_storage_bucket.gcp_bucket"
          ]
        }
      ]
    },
    {
      "mode": "managed",
      "type": "google_storage_bucket_object",
      "name": "no_op",
      "provider": "provider[\"registry.terraform.io/hashicorp/google\"]",
      "instances": [
        {
          "schema_version": 0,
          "attributes": {
            "bucket": "baas-jfops-bucket",
            "cache_control": "",
            "content": null,
            "content_disposition": "",
            "content_encoding": "",
            "content_language": "",
            "content_type": "application/zip",
            "crc32c": "/VFT4w==",
            "customer_encryption": [],
            "detect_md5hash": "fGjzdk5VHec2RxGIFnlVuQ==",
            "event_based_hold": false,
            "id": "baas-jfops-bucket-testOps_no_op.zip ",
            "kms_key_name": "",
            "md5hash": "fGjzdk5VHec2RxGIFnlVuQ==",
            "media_link": "https://storage.googleapis.com/download/storage/v1/b/baas-jfops-bucket/o/testOps_no_op.zip%20?generation=1707691133115129\u0026alt=media",
            "metadata": {},
            "name": "testOps_no_op.zip ",
            "output_name": "testOps_no_op.zip ",
            "self_link": "https://www.googleapis.com/storage/v1/b/baas-jfops-bucket/o/testOps_no_op.zip%20",
            "source": "../Baas/templates/testOps_no_op.zip",
            "storage_class": "STANDARD",
            "temporary_hold": false,
            "timeouts": null
          },
          "sensitive_attributes": [],
          "private": "eyJlMmJmYjczMC1lY2FhLTExZTYtOGY4OC0zNDM2M2JjN2M0YzAiOnsiY3JlYXRlIjoyNDAwMDAwMDAwMDAsImRlbGV0ZSI6MjQwMDAwMDAwMDAwLCJ1cGRhdGUiOjI0MDAwMDAwMDAwMH19",
          "dependencies": [
            "google_storage_bucket.gcp_bucket"
          ]
        }
      ]
    }
  ],
  "check_results": null
}
