{
  "version": 4,
  "terraform_version": "1.5.4",
  "serial": 490,
  "lineage": "aaa22546-d7ad-795a-b24e-913b4661c45c",
  "outputs": {
    "lambda_arns": {
      "value": {
        "main_128MB": "arn:aws:lambda:us-east-1:650940819061:function:main_128MB",
        "main_256MB": "arn:aws:lambda:us-east-1:650940819061:function:main_256MB"
      },
      "type": [
        "object",
        {
          "main_128MB": "string",
          "main_256MB": "string"
        }
      ]
    }
  },
  "resources": [
    {
      "mode": "managed",
      "type": "aws_iam_role",
      "name": "iam_for_lambda",
      "provider": "provider[\"registry.terraform.io/hashicorp/aws\"]",
      "instances": [
        {
          "schema_version": 0,
          "attributes": {
            "arn": "arn:aws:iam::650940819061:role/iam_for_lambda_Baas",
            "assume_role_policy": "{\"Statement\":[{\"Action\":\"sts:AssumeRole\",\"Effect\":\"Allow\",\"Principal\":{\"Service\":\"lambda.amazonaws.com\"},\"Sid\":\"\"}],\"Version\":\"2012-10-17\"}",
            "create_date": "2024-02-05T18:00:34Z",
            "description": "",
            "force_detach_policies": false,
            "id": "iam_for_lambda_Baas",
            "inline_policy": [],
            "managed_policy_arns": [],
            "max_session_duration": 3600,
            "name": "iam_for_lambda_Baas",
            "name_prefix": "",
            "path": "/",
            "permissions_boundary": null,
            "tags": {},
            "tags_all": {},
            "unique_id": "AROAZPDYYUZ2YH4LGRT24"
          },
          "sensitive_attributes": [],
          "private": "bnVsbA=="
        }
      ]
    },
    {
      "mode": "managed",
      "type": "aws_lambda_function",
      "name": "no_op_function",
      "provider": "provider[\"registry.terraform.io/hashicorp/aws\"]",
      "instances": [
        {
          "schema_version": 0,
          "attributes": {
            "architectures": [
              "x86_64"
            ],
            "arn": "arn:aws:lambda:us-east-1:650940819061:function:testOps_no_op_function",
            "code_signing_config_arn": "",
            "dead_letter_config": [],
            "description": "",
            "environment": [],
            "ephemeral_storage": [
              {
                "size": 512
              }
            ],
            "file_system_config": [],
            "filename": "../Baas/templates/testOps_no_op.zip",
            "function_name": "testOps_no_op_function",
            "handler": "lambda_function.lambda_handler",
            "id": "testOps_no_op_function",
            "image_config": [],
            "image_uri": "",
            "invoke_arn": "arn:aws:apigateway:us-east-1:lambda:path/2015-03-31/functions/arn:aws:lambda:us-east-1:650940819061:function:testOps_no_op_function/invocations",
            "kms_key_arn": "",
            "last_modified": "2024-02-05T18:00:44.790+0000",
            "layers": [],
            "memory_size": 256,
            "package_type": "Zip",
            "publish": false,
            "qualified_arn": "arn:aws:lambda:us-east-1:650940819061:function:testOps_no_op_function:$LATEST",
            "reserved_concurrent_executions": -1,
            "role": "arn:aws:iam::650940819061:role/iam_for_lambda_Baas",
            "runtime": "python3.9",
            "s3_bucket": null,
            "s3_key": null,
            "s3_object_version": null,
            "signing_job_arn": "",
            "signing_profile_version_arn": "",
            "source_code_hash": "VnCaR0AyJAiuGgc695zuxBGYV3TUZsEOKwWsVHFZl2o=",
            "source_code_size": 836,
            "tags": {},
            "tags_all": {},
            "timeout": 3,
            "timeouts": null,
            "tracing_config": [
              {
                "mode": "PassThrough"
              }
            ],
            "version": "$LATEST",
            "vpc_config": []
          },
          "sensitive_attributes": [],
          "private": "eyJlMmJmYjczMC1lY2FhLTExZTYtOGY4OC0zNDM2M2JjN2M0YzAiOnsiY3JlYXRlIjo2MDAwMDAwMDAwMDB9fQ==",
          "dependencies": [
            "aws_iam_role.iam_for_lambda"
          ]
        }
      ]
    },
    {
      "mode": "managed",
      "type": "aws_lambda_function",
      "name": "test_subject",
      "provider": "provider[\"registry.terraform.io/hashicorp/aws\"]",
      "instances": [
        {
          "index_key": "main_128MB",
          "schema_version": 0,
          "attributes": {
            "architectures": [
              "x86_64"
            ],
            "arn": "arn:aws:lambda:us-east-1:650940819061:function:main_128MB",
            "code_signing_config_arn": "",
            "dead_letter_config": [],
            "description": "",
            "environment": [],
            "ephemeral_storage": [
              {
                "size": 512
              }
            ],
            "file_system_config": [],
            "filename": "C:/Users/Johann/Documents/uibk/BachelorArbeit/eldgos/build/libs/eldgos-1.0-SNAPSHOT.jar",
            "function_name": "main_128MB",
            "handler": "org.example.AWSRequestHandler",
            "id": "main_128MB",
            "image_config": [],
            "image_uri": "",
            "invoke_arn": "arn:aws:apigateway:us-east-1:lambda:path/2015-03-31/functions/arn:aws:lambda:us-east-1:650940819061:function:main_128MB/invocations",
            "kms_key_arn": "",
            "last_modified": "2024-02-05T18:01:00.254+0000",
            "layers": [],
            "memory_size": 128,
            "package_type": "Zip",
            "publish": false,
            "qualified_arn": "arn:aws:lambda:us-east-1:650940819061:function:main_128MB:$LATEST",
            "reserved_concurrent_executions": -1,
            "role": "arn:aws:iam::650940819061:role/iam_for_lambda_Baas",
            "runtime": "java11",
            "s3_bucket": null,
            "s3_key": null,
            "s3_object_version": null,
            "signing_job_arn": "",
            "signing_profile_version_arn": "",
            "source_code_hash": "SgslY7NMvmSQrafPe4KPUp9Zs+vyaTfJnknsm2RSG40=",
            "source_code_size": 850363,
            "tags": {},
            "tags_all": {},
            "timeout": 3,
            "timeouts": null,
            "tracing_config": [
              {
                "mode": "PassThrough"
              }
            ],
            "version": "$LATEST",
            "vpc_config": []
          },
          "sensitive_attributes": [],
          "private": "eyJlMmJmYjczMC1lY2FhLTExZTYtOGY4OC0zNDM2M2JjN2M0YzAiOnsiY3JlYXRlIjo2MDAwMDAwMDAwMDB9fQ==",
          "dependencies": [
            "aws_iam_role.iam_for_lambda"
          ]
        },
        {
          "index_key": "main_256MB",
          "schema_version": 0,
          "attributes": {
            "architectures": [
              "x86_64"
            ],
            "arn": "arn:aws:lambda:us-east-1:650940819061:function:main_256MB",
            "code_signing_config_arn": "",
            "dead_letter_config": [],
            "description": "",
            "environment": [],
            "ephemeral_storage": [
              {
                "size": 512
              }
            ],
            "file_system_config": [],
            "filename": "C:/Users/Johann/Documents/uibk/BachelorArbeit/eldgos/build/libs/eldgos-1.0-SNAPSHOT.jar",
            "function_name": "main_256MB",
            "handler": "org.example.AWSRequestHandler",
            "id": "main_256MB",
            "image_config": [],
            "image_uri": "",
            "invoke_arn": "arn:aws:apigateway:us-east-1:lambda:path/2015-03-31/functions/arn:aws:lambda:us-east-1:650940819061:function:main_256MB/invocations",
            "kms_key_arn": "",
            "last_modified": "2024-02-05T18:35:17.969+0000",
            "layers": null,
            "memory_size": 256,
            "package_type": "Zip",
            "publish": false,
            "qualified_arn": "arn:aws:lambda:us-east-1:650940819061:function:main_256MB:$LATEST",
            "reserved_concurrent_executions": -1,
            "role": "arn:aws:iam::650940819061:role/iam_for_lambda_Baas",
            "runtime": "java11",
            "s3_bucket": null,
            "s3_key": null,
            "s3_object_version": null,
            "signing_job_arn": "",
            "signing_profile_version_arn": "",
            "source_code_hash": "SgslY7NMvmSQrafPe4KPUp9Zs+vyaTfJnknsm2RSG40=",
            "source_code_size": 850363,
            "tags": null,
            "tags_all": {},
            "timeout": 3,
            "timeouts": null,
            "tracing_config": [
              {
                "mode": "PassThrough"
              }
            ],
            "version": "$LATEST",
            "vpc_config": []
          },
          "sensitive_attributes": [],
          "private": "eyJlMmJmYjczMC1lY2FhLTExZTYtOGY4OC0zNDM2M2JjN2M0YzAiOnsiY3JlYXRlIjo2MDAwMDAwMDAwMDB9fQ==",
          "dependencies": [
            "aws_iam_role.iam_for_lambda"
          ]
        }
      ]
    }
  ],
  "check_results": null
}
